// !$*UTF8*$!
{
	archiveVersion = 1;
	classes = {
	};
	objectVersion = 46;
	objects = {

/* Begin PBXBuildFile section */
		2EEEA5125884849ACBA1F60E /* libPods.a in Frameworks */ = {isa = PBXBuildFile; fileRef = 61534B8C9A969EFDDDF4E4F7 /* libPods.a */; };
		4237034D1C0CAA8800B46462 /* Foundation.framework in Frameworks */ = {isa = PBXBuildFile; fileRef = 4237034C1C0CAA8800B46462 /* Foundation.framework */; };
		4237034F1C0CAA8800B46462 /* CoreGraphics.framework in Frameworks */ = {isa = PBXBuildFile; fileRef = 4237034E1C0CAA8800B46462 /* CoreGraphics.framework */; };
		423703511C0CAA8800B46462 /* UIKit.framework in Frameworks */ = {isa = PBXBuildFile; fileRef = 423703501C0CAA8800B46462 /* UIKit.framework */; };
		423703571C0CAA8800B46462 /* InfoPlist.strings in Resources */ = {isa = PBXBuildFile; fileRef = 423703551C0CAA8800B46462 /* InfoPlist.strings */; };
		423703591C0CAA8800B46462 /* main.m in Sources */ = {isa = PBXBuildFile; fileRef = 423703581C0CAA8800B46462 /* main.m */; };
		4237035D1C0CAA8800B46462 /* AppDelegate.m in Sources */ = {isa = PBXBuildFile; fileRef = 4237035C1C0CAA8800B46462 /* AppDelegate.m */; };
		423703601C0CAA8800B46462 /* Main_iPhone.storyboard in Resources */ = {isa = PBXBuildFile; fileRef = 4237035E1C0CAA8800B46462 /* Main_iPhone.storyboard */; };
		423703631C0CAA8800B46462 /* Main_iPad.storyboard in Resources */ = {isa = PBXBuildFile; fileRef = 423703611C0CAA8800B46462 /* Main_iPad.storyboard */; };
		423703661C0CAA8800B46462 /* ViewController.m in Sources */ = {isa = PBXBuildFile; fileRef = 423703651C0CAA8800B46462 /* ViewController.m */; };
		423703681C0CAA8800B46462 /* Images.xcassets in Resources */ = {isa = PBXBuildFile; fileRef = 423703671C0CAA8800B46462 /* Images.xcassets */; };
		4237036F1C0CAA8800B46462 /* XCTest.framework in Frameworks */ = {isa = PBXBuildFile; fileRef = 4237036E1C0CAA8800B46462 /* XCTest.framework */; };
		423703701C0CAA8800B46462 /* Foundation.framework in Frameworks */ = {isa = PBXBuildFile; fileRef = 4237034C1C0CAA8800B46462 /* Foundation.framework */; };
		423703711C0CAA8800B46462 /* UIKit.framework in Frameworks */ = {isa = PBXBuildFile; fileRef = 423703501C0CAA8800B46462 /* UIKit.framework */; };
		423703791C0CAA8800B46462 /* InfoPlist.strings in Resources */ = {isa = PBXBuildFile; fileRef = 423703771C0CAA8800B46462 /* InfoPlist.strings */; };
		4237037B1C0CAA8800B46462 /* SampleWeatherAppTests.m in Sources */ = {isa = PBXBuildFile; fileRef = 4237037A1C0CAA8800B46462 /* SampleWeatherAppTests.m */; };
		424934DD1C0CA19C003C08D8 /* WXClient.m in Sources */ = {isa = PBXBuildFile; fileRef = 424934DC1C0CA19C003C08D8 /* WXClient.m */; };
		42C50DFF1C0CAF2B003273FD /* WXControllerViewController.m in Sources */ = {isa = PBXBuildFile; fileRef = 42C50DFE1C0CAF2B003273FD /* WXControllerViewController.m */; };
		42C50E1C1C0CB5A1003273FD /* bg.png in Resources */ = {isa = PBXBuildFile; fileRef = 42C50E011C0CB5A1003273FD /* bg.png */; };
		42C50E1D1C0CB5A1003273FD /* bg@2x.png in Resources */ = {isa = PBXBuildFile; fileRef = 42C50E021C0CB5A1003273FD /* bg@2x.png */; };
		42C50E1E1C0CB5A1003273FD /* weather-broken.png in Resources */ = {isa = PBXBuildFile; fileRef = 42C50E041C0CB5A1003273FD /* weather-broken.png */; };
		42C50E1F1C0CB5A1003273FD /* weather-broken@2x.png in Resources */ = {isa = PBXBuildFile; fileRef = 42C50E051C0CB5A1003273FD /* weather-broken@2x.png */; };
		42C50E201C0CB5A1003273FD /* weather-clear.png in Resources */ = {isa = PBXBuildFile; fileRef = 42C50E061C0CB5A1003273FD /* weather-clear.png */; };
		42C50E211C0CB5A1003273FD /* weather-clear@2x.png in Resources */ = {isa = PBXBuildFile; fileRef = 42C50E071C0CB5A1003273FD /* weather-clear@2x.png */; };
		42C50E221C0CB5A1003273FD /* weather-few-night.png in Resources */ = {isa = PBXBuildFile; fileRef = 42C50E081C0CB5A1003273FD /* weather-few-night.png */; };
		42C50E231C0CB5A1003273FD /* weather-few-night@2x.png in Resources */ = {isa = PBXBuildFile; fileRef = 42C50E091C0CB5A1003273FD /* weather-few-night@2x.png */; };
		42C50E241C0CB5A1003273FD /* weather-few.png in Resources */ = {isa = PBXBuildFile; fileRef = 42C50E0A1C0CB5A1003273FD /* weather-few.png */; };
		42C50E251C0CB5A1003273FD /* weather-few@2x.png in Resources */ = {isa = PBXBuildFile; fileRef = 42C50E0B1C0CB5A1003273FD /* weather-few@2x.png */; };
		42C50E261C0CB5A1003273FD /* weather-mist.png in Resources */ = {isa = PBXBuildFile; fileRef = 42C50E0C1C0CB5A1003273FD /* weather-mist.png */; };
		42C50E271C0CB5A1003273FD /* weather-mist@2x.png in Resources */ = {isa = PBXBuildFile; fileRef = 42C50E0D1C0CB5A1003273FD /* weather-mist@2x.png */; };
		42C50E281C0CB5A1003273FD /* weather-moon.png in Resources */ = {isa = PBXBuildFile; fileRef = 42C50E0E1C0CB5A1003273FD /* weather-moon.png */; };
		42C50E291C0CB5A1003273FD /* weather-moon@2x.png in Resources */ = {isa = PBXBuildFile; fileRef = 42C50E0F1C0CB5A1003273FD /* weather-moon@2x.png */; };
		42C50E2A1C0CB5A1003273FD /* weather-rain-night.png in Resources */ = {isa = PBXBuildFile; fileRef = 42C50E101C0CB5A1003273FD /* weather-rain-night.png */; };
		42C50E2B1C0CB5A1003273FD /* weather-rain-night@2x.png in Resources */ = {isa = PBXBuildFile; fileRef = 42C50E111C0CB5A1003273FD /* weather-rain-night@2x.png */; };
		42C50E2C1C0CB5A1003273FD /* weather-rain.png in Resources */ = {isa = PBXBuildFile; fileRef = 42C50E121C0CB5A1003273FD /* weather-rain.png */; };
		42C50E2D1C0CB5A1003273FD /* weather-rain@2x.png in Resources */ = {isa = PBXBuildFile; fileRef = 42C50E131C0CB5A1003273FD /* weather-rain@2x.png */; };
		42C50E2E1C0CB5A1003273FD /* weather-scattered.png in Resources */ = {isa = PBXBuildFile; fileRef = 42C50E141C0CB5A1003273FD /* weather-scattered.png */; };
		42C50E2F1C0CB5A1003273FD /* weather-scattered@2x.png in Resources */ = {isa = PBXBuildFile; fileRef = 42C50E151C0CB5A1003273FD /* weather-scattered@2x.png */; };
		42C50E301C0CB5A1003273FD /* weather-shower.png in Resources */ = {isa = PBXBuildFile; fileRef = 42C50E161C0CB5A1003273FD /* weather-shower.png */; };
		42C50E311C0CB5A1003273FD /* weather-shower@2x.png in Resources */ = {isa = PBXBuildFile; fileRef = 42C50E171C0CB5A1003273FD /* weather-shower@2x.png */; };
		42C50E321C0CB5A1003273FD /* weather-snow.png in Resources */ = {isa = PBXBuildFile; fileRef = 42C50E181C0CB5A1003273FD /* weather-snow.png */; };
		42C50E331C0CB5A1003273FD /* weather-snow@2x.png in Resources */ = {isa = PBXBuildFile; fileRef = 42C50E191C0CB5A1003273FD /* weather-snow@2x.png */; };
		42C50E341C0CB5A1003273FD /* weather-tstorm.png in Resources */ = {isa = PBXBuildFile; fileRef = 42C50E1A1C0CB5A1003273FD /* weather-tstorm.png */; };
		42C50E351C0CB5A1003273FD /* weather-tstorm@2x.png in Resources */ = {isa = PBXBuildFile; fileRef = 42C50E1B1C0CB5A1003273FD /* weather-tstorm@2x.png */; };
		42C50E381C0CBC8D003273FD /* WXManager.m in Sources */ = {isa = PBXBuildFile; fileRef = 42C50E371C0CBC8D003273FD /* WXManager.m */; };
		42C50E3B1C0CBCC3003273FD /* WXCondition.m in Sources */ = {isa = PBXBuildFile; fileRef = 42C50E3A1C0CBCC3003273FD /* WXCondition.m */; };
		42C50E3E1C0CBD09003273FD /* WXDailyForecast.m in Sources */ = {isa = PBXBuildFile; fileRef = 42C50E3D1C0CBD09003273FD /* WXDailyForecast.m */; };
/* End PBXBuildFile section */

/* Begin PBXContainerItemProxy section */
		423703721C0CAA8800B46462 /* PBXContainerItemProxy */ = {
			isa = PBXContainerItemProxy;
			containerPortal = 423703411C0CAA8700B46462 /* Project object */;
			proxyType = 1;
			remoteGlobalIDString = 423703481C0CAA8800B46462;
			remoteInfo = SampleWeatherApp;
		};
/* End PBXContainerItemProxy section */

/* Begin PBXFileReference section */
		29DC3F667F7B8560C4C0E125 /* Pods.release.xcconfig */ = {isa = PBXFileReference; includeInIndex = 1; lastKnownFileType = text.xcconfig; name = Pods.release.xcconfig; path = "Pods/Target Support Files/Pods/Pods.release.xcconfig"; sourceTree = "<group>"; };
		423703491C0CAA8800B46462 /* SampleWeatherApp.app */ = {isa = PBXFileReference; explicitFileType = wrapper.application; includeInIndex = 0; path = SampleWeatherApp.app; sourceTree = BUILT_PRODUCTS_DIR; };
		4237034C1C0CAA8800B46462 /* Foundation.framework */ = {isa = PBXFileReference; lastKnownFileType = wrapper.framework; name = Foundation.framework; path = System/Library/Frameworks/Foundation.framework; sourceTree = SDKROOT; };
		4237034E1C0CAA8800B46462 /* CoreGraphics.framework */ = {isa = PBXFileReference; lastKnownFileType = wrapper.framework; name = CoreGraphics.framework; path = System/Library/Frameworks/CoreGraphics.framework; sourceTree = SDKROOT; };
		423703501C0CAA8800B46462 /* UIKit.framework */ = {isa = PBXFileReference; lastKnownFileType = wrapper.framework; name = UIKit.framework; path = System/Library/Frameworks/UIKit.framework; sourceTree = SDKROOT; };
		423703541C0CAA8800B46462 /* SampleWeatherApp-Info.plist */ = {isa = PBXFileReference; lastKnownFileType = text.plist.xml; path = "SampleWeatherApp-Info.plist"; sourceTree = "<group>"; };
		423703561C0CAA8800B46462 /* en */ = {isa = PBXFileReference; lastKnownFileType = text.plist.strings; name = en; path = en.lproj/InfoPlist.strings; sourceTree = "<group>"; };
		423703581C0CAA8800B46462 /* main.m */ = {isa = PBXFileReference; lastKnownFileType = sourcecode.c.objc; path = main.m; sourceTree = "<group>"; };
		4237035A1C0CAA8800B46462 /* SampleWeatherApp-Prefix.pch */ = {isa = PBXFileReference; lastKnownFileType = sourcecode.c.h; path = "SampleWeatherApp-Prefix.pch"; sourceTree = "<group>"; };
		4237035B1C0CAA8800B46462 /* AppDelegate.h */ = {isa = PBXFileReference; lastKnownFileType = sourcecode.c.h; path = AppDelegate.h; sourceTree = "<group>"; };
		4237035C1C0CAA8800B46462 /* AppDelegate.m */ = {isa = PBXFileReference; lastKnownFileType = sourcecode.c.objc; path = AppDelegate.m; sourceTree = "<group>"; };
		4237035F1C0CAA8800B46462 /* Base */ = {isa = PBXFileReference; lastKnownFileType = file.storyboard; name = Base; path = Base.lproj/Main_iPhone.storyboard; sourceTree = "<group>"; };
		423703621C0CAA8800B46462 /* Base */ = {isa = PBXFileReference; lastKnownFileType = file.storyboard; name = Base; path = Base.lproj/Main_iPad.storyboard; sourceTree = "<group>"; };
		423703641C0CAA8800B46462 /* ViewController.h */ = {isa = PBXFileReference; lastKnownFileType = sourcecode.c.h; path = ViewController.h; sourceTree = "<group>"; };
		423703651C0CAA8800B46462 /* ViewController.m */ = {isa = PBXFileReference; lastKnownFileType = sourcecode.c.objc; path = ViewController.m; sourceTree = "<group>"; };
		423703671C0CAA8800B46462 /* Images.xcassets */ = {isa = PBXFileReference; lastKnownFileType = folder.assetcatalog; name = Images.xcassets; path = ../SampleWeatherApp/Images.xcassets; sourceTree = "<group>"; };
		4237036D1C0CAA8800B46462 /* SampleWeatherAppTests.xctest */ = {isa = PBXFileReference; explicitFileType = wrapper.cfbundle; includeInIndex = 0; path = SampleWeatherAppTests.xctest; sourceTree = BUILT_PRODUCTS_DIR; };
		4237036E1C0CAA8800B46462 /* XCTest.framework */ = {isa = PBXFileReference; lastKnownFileType = wrapper.framework; name = XCTest.framework; path = Library/Frameworks/XCTest.framework; sourceTree = DEVELOPER_DIR; };
		423703761C0CAA8800B46462 /* SampleWeatherAppTests-Info.plist */ = {isa = PBXFileReference; lastKnownFileType = text.plist.xml; path = "SampleWeatherAppTests-Info.plist"; sourceTree = "<group>"; };
		423703781C0CAA8800B46462 /* en */ = {isa = PBXFileReference; lastKnownFileType = text.plist.strings; name = en; path = en.lproj/InfoPlist.strings; sourceTree = "<group>"; };
		4237037A1C0CAA8800B46462 /* SampleWeatherAppTests.m */ = {isa = PBXFileReference; lastKnownFileType = sourcecode.c.objc; path = SampleWeatherAppTests.m; sourceTree = "<group>"; };
		424934DB1C0CA19C003C08D8 /* WXClient.h */ = {isa = PBXFileReference; fileEncoding = 4; lastKnownFileType = sourcecode.c.h; path = WXClient.h; sourceTree = "<group>"; };
		424934DC1C0CA19C003C08D8 /* WXClient.m */ = {isa = PBXFileReference; fileEncoding = 4; lastKnownFileType = sourcecode.c.objc; path = WXClient.m; sourceTree = "<group>"; };
		42C50DFD1C0CAF2B003273FD /* WXControllerViewController.h */ = {isa = PBXFileReference; fileEncoding = 4; lastKnownFileType = sourcecode.c.h; path = WXControllerViewController.h; sourceTree = "<group>"; };
		42C50DFE1C0CAF2B003273FD /* WXControllerViewController.m */ = {isa = PBXFileReference; fileEncoding = 4; lastKnownFileType = sourcecode.c.objc; path = WXControllerViewController.m; sourceTree = "<group>"; };
		42C50E011C0CB5A1003273FD /* bg.png */ = {isa = PBXFileReference; lastKnownFileType = image.png; path = bg.png; sourceTree = "<group>"; };
		42C50E021C0CB5A1003273FD /* bg@2x.png */ = {isa = PBXFileReference; lastKnownFileType = image.png; path = "bg@2x.png"; sourceTree = "<group>"; };
		42C50E041C0CB5A1003273FD /* weather-broken.png */ = {isa = PBXFileReference; lastKnownFileType = image.png; path = "weather-broken.png"; sourceTree = "<group>"; };
		42C50E051C0CB5A1003273FD /* weather-broken@2x.png */ = {isa = PBXFileReference; lastKnownFileType = image.png; path = "weather-broken@2x.png"; sourceTree = "<group>"; };
		42C50E061C0CB5A1003273FD /* weather-clear.png */ = {isa = PBXFileReference; lastKnownFileType = image.png; path = "weather-clear.png"; sourceTree = "<group>"; };
		42C50E071C0CB5A1003273FD /* weather-clear@2x.png */ = {isa = PBXFileReference; lastKnownFileType = image.png; path = "weather-clear@2x.png"; sourceTree = "<group>"; };
		42C50E081C0CB5A1003273FD /* weather-few-night.png */ = {isa = PBXFileReference; lastKnownFileType = image.png; path = "weather-few-night.png"; sourceTree = "<group>"; };
		42C50E091C0CB5A1003273FD /* weather-few-night@2x.png */ = {isa = PBXFileReference; lastKnownFileType = image.png; path = "weather-few-night@2x.png"; sourceTree = "<group>"; };
		42C50E0A1C0CB5A1003273FD /* weather-few.png */ = {isa = PBXFileReference; lastKnownFileType = image.png; path = "weather-few.png"; sourceTree = "<group>"; };
		42C50E0B1C0CB5A1003273FD /* weather-few@2x.png */ = {isa = PBXFileReference; lastKnownFileType = image.png; path = "weather-few@2x.png"; sourceTree = "<group>"; };
		42C50E0C1C0CB5A1003273FD /* weather-mist.png */ = {isa = PBXFileReference; lastKnownFileType = image.png; path = "weather-mist.png"; sourceTree = "<group>"; };
		42C50E0D1C0CB5A1003273FD /* weather-mist@2x.png */ = {isa = PBXFileReference; lastKnownFileType = image.png; path = "weather-mist@2x.png"; sourceTree = "<group>"; };
		42C50E0E1C0CB5A1003273FD /* weather-moon.png */ = {isa = PBXFileReference; lastKnownFileType = image.png; path = "weather-moon.png"; sourceTree = "<group>"; };
		42C50E0F1C0CB5A1003273FD /* weather-moon@2x.png */ = {isa = PBXFileReference; lastKnownFileType = image.png; path = "weather-moon@2x.png"; sourceTree = "<group>"; };
		42C50E101C0CB5A1003273FD /* weather-rain-night.png */ = {isa = PBXFileReference; lastKnownFileType = image.png; path = "weather-rain-night.png"; sourceTree = "<group>"; };
		42C50E111C0CB5A1003273FD /* weather-rain-night@2x.png */ = {isa = PBXFileReference; lastKnownFileType = image.png; path = "weather-rain-night@2x.png"; sourceTree = "<group>"; };
		42C50E121C0CB5A1003273FD /* weather-rain.png */ = {isa = PBXFileReference; lastKnownFileType = image.png; path = "weather-rain.png"; sourceTree = "<group>"; };
		42C50E131C0CB5A1003273FD /* weather-rain@2x.png */ = {isa = PBXFileReference; lastKnownFileType = image.png; path = "weather-rain@2x.png"; sourceTree = "<group>"; };
		42C50E141C0CB5A1003273FD /* weather-scattered.png */ = {isa = PBXFileReference; lastKnownFileType = image.png; path = "weather-scattered.png"; sourceTree = "<group>"; };
		42C50E151C0CB5A1003273FD /* weather-scattered@2x.png */ = {isa = PBXFileReference; lastKnownFileType = image.png; path = "weather-scattered@2x.png"; sourceTree = "<group>"; };
		42C50E161C0CB5A1003273FD /* weather-shower.png */ = {isa = PBXFileReference; lastKnownFileType = image.png; path = "weather-shower.png"; sourceTree = "<group>"; };
		42C50E171C0CB5A1003273FD /* weather-shower@2x.png */ = {isa = PBXFileReference; lastKnownFileType = image.png; path = "weather-shower@2x.png"; sourceTree = "<group>"; };
		42C50E181C0CB5A1003273FD /* weather-snow.png */ = {isa = PBXFileReference; lastKnownFileType = image.png; path = "weather-snow.png"; sourceTree = "<group>"; };
		42C50E191C0CB5A1003273FD /* weather-snow@2x.png */ = {isa = PBXFileReference; lastKnownFileType = image.png; path = "weather-snow@2x.png"; sourceTree = "<group>"; };
		42C50E1A1C0CB5A1003273FD /* weather-tstorm.png */ = {isa = PBXFileReference; lastKnownFileType = image.png; path = "weather-tstorm.png"; sourceTree = "<group>"; };
		42C50E1B1C0CB5A1003273FD /* weather-tstorm@2x.png */ = {isa = PBXFileReference; lastKnownFileType = image.png; path = "weather-tstorm@2x.png"; sourceTree = "<group>"; };
		42C50E361C0CBC8D003273FD /* WXManager.h */ = {isa = PBXFileReference; fileEncoding = 4; lastKnownFileType = sourcecode.c.h; path = WXManager.h; sourceTree = "<group>"; };
		42C50E371C0CBC8D003273FD /* WXManager.m */ = {isa = PBXFileReference; fileEncoding = 4; lastKnownFileType = sourcecode.c.objc; path = WXManager.m; sourceTree = "<group>"; };
		42C50E391C0CBCC3003273FD /* WXCondition.h */ = {isa = PBXFileReference; fileEncoding = 4; lastKnownFileType = sourcecode.c.h; path = WXCondition.h; sourceTree = "<group>"; };
		42C50E3A1C0CBCC3003273FD /* WXCondition.m */ = {isa = PBXFileReference; fileEncoding = 4; lastKnownFileType = sourcecode.c.objc; path = WXCondition.m; sourceTree = "<group>"; };
		42C50E3C1C0CBD09003273FD /* WXDailyForecast.h */ = {isa = PBXFileReference; fileEncoding = 4; lastKnownFileType = sourcecode.c.h; path = WXDailyForecast.h; sourceTree = "<group>"; };
		42C50E3D1C0CBD09003273FD /* WXDailyForecast.m */ = {isa = PBXFileReference; fileEncoding = 4; lastKnownFileType = sourcecode.c.objc; path = WXDailyForecast.m; sourceTree = "<group>"; };
		61534B8C9A969EFDDDF4E4F7 /* libPods.a */ = {isa = PBXFileReference; explicitFileType = archive.ar; includeInIndex = 0; path = libPods.a; sourceTree = BUILT_PRODUCTS_DIR; };
		CCA088CDB121B885020495C9 /* Pods.debug.xcconfig */ = {isa = PBXFileReference; includeInIndex = 1; lastKnownFileType = text.xcconfig; name = Pods.debug.xcconfig; path = "Pods/Target Support Files/Pods/Pods.debug.xcconfig"; sourceTree = "<group>"; };
/* End PBXFileReference section */

/* Begin PBXFrameworksBuildPhase section */
		423703461C0CAA8800B46462 /* Frameworks */ = {
			isa = PBXFrameworksBuildPhase;
			buildActionMask = 2147483647;
			files = (
				4237034F1C0CAA8800B46462 /* CoreGraphics.framework in Frameworks */,
				423703511C0CAA8800B46462 /* UIKit.framework in Frameworks */,
				4237034D1C0CAA8800B46462 /* Foundation.framework in Frameworks */,
				2EEEA5125884849ACBA1F60E /* libPods.a in Frameworks */,
			);
			runOnlyForDeploymentPostprocessing = 0;
		};
		4237036A1C0CAA8800B46462 /* Frameworks */ = {
			isa = PBXFrameworksBuildPhase;
			buildActionMask = 2147483647;
			files = (
				4237036F1C0CAA8800B46462 /* XCTest.framework in Frameworks */,
				423703711C0CAA8800B46462 /* UIKit.framework in Frameworks */,
				423703701C0CAA8800B46462 /* Foundation.framework in Frameworks */,
			);
			runOnlyForDeploymentPostprocessing = 0;
		};
/* End PBXFrameworksBuildPhase section */

/* Begin PBXGroup section */
		3E5EC3E9022B74256BF37B3B /* Pods */ = {
			isa = PBXGroup;
			children = (
				CCA088CDB121B885020495C9 /* Pods.debug.xcconfig */,
				29DC3F667F7B8560C4C0E125 /* Pods.release.xcconfig */,
			);
			name = Pods;
			sourceTree = "<group>";
		};
		423703401C0CAA8700B46462 = {
			isa = PBXGroup;
			children = (
				42C50E391C0CBCC3003273FD /* WXCondition.h */,
				42C50E3A1C0CBCC3003273FD /* WXCondition.m */,
				42C50DFD1C0CAF2B003273FD /* WXControllerViewController.h */,
				42C50DFE1C0CAF2B003273FD /* WXControllerViewController.m */,
				42C50E361C0CBC8D003273FD /* WXManager.h */,
				42C50E371C0CBC8D003273FD /* WXManager.m */,
				42C50E3C1C0CBD09003273FD /* WXDailyForecast.h */,
				42C50E3D1C0CBD09003273FD /* WXDailyForecast.m */,
				424934DB1C0CA19C003C08D8 /* WXClient.h */,
				424934DC1C0CA19C003C08D8 /* WXClient.m */,
				42C50E001C0CB5A1003273FD /* Images */,
				423703521C0CAA8800B46462 /* SampleWeatherApp */,
				423703741C0CAA8800B46462 /* SampleWeatherAppTests */,
				4237034B1C0CAA8800B46462 /* Frameworks */,
				4237034A1C0CAA8800B46462 /* Products */,
				3E5EC3E9022B74256BF37B3B /* Pods */,
			);
			sourceTree = "<group>";
		};
		4237034A1C0CAA8800B46462 /* Products */ = {
			isa = PBXGroup;
			children = (
				423703491C0CAA8800B46462 /* SampleWeatherApp.app */,
				4237036D1C0CAA8800B46462 /* SampleWeatherAppTests.xctest */,
			);
			name = Products;
			sourceTree = "<group>";
		};
		4237034B1C0CAA8800B46462 /* Frameworks */ = {
			isa = PBXGroup;
			children = (
				4237034C1C0CAA8800B46462 /* Foundation.framework */,
				4237034E1C0CAA8800B46462 /* CoreGraphics.framework */,
				423703501C0CAA8800B46462 /* UIKit.framework */,
				4237036E1C0CAA8800B46462 /* XCTest.framework */,
				61534B8C9A969EFDDDF4E4F7 /* libPods.a */,
			);
			name = Frameworks;
			sourceTree = "<group>";
		};
		423703521C0CAA8800B46462 /* SampleWeatherApp */ = {
			isa = PBXGroup;
			children = (
				4237035B1C0CAA8800B46462 /* AppDelegate.h */,
				4237035C1C0CAA8800B46462 /* AppDelegate.m */,
				4237035E1C0CAA8800B46462 /* Main_iPhone.storyboard */,
				423703611C0CAA8800B46462 /* Main_iPad.storyboard */,
				423703641C0CAA8800B46462 /* ViewController.h */,
				423703651C0CAA8800B46462 /* ViewController.m */,
				423703531C0CAA8800B46462 /* Supporting Files */,
			);
			path = SampleWeatherApp;
			sourceTree = "<group>";
		};
		423703531C0CAA8800B46462 /* Supporting Files */ = {
			isa = PBXGroup;
			children = (
				423703541C0CAA8800B46462 /* SampleWeatherApp-Info.plist */,
				423703551C0CAA8800B46462 /* InfoPlist.strings */,
				423703581C0CAA8800B46462 /* main.m */,
				4237035A1C0CAA8800B46462 /* SampleWeatherApp-Prefix.pch */,
			);
			name = "Supporting Files";
			sourceTree = "<group>";
		};
		423703741C0CAA8800B46462 /* SampleWeatherAppTests */ = {
			isa = PBXGroup;
			children = (
				423703671C0CAA8800B46462 /* Images.xcassets */,
				4237037A1C0CAA8800B46462 /* SampleWeatherAppTests.m */,
				423703751C0CAA8800B46462 /* Supporting Files */,
			);
			path = SampleWeatherAppTests;
			sourceTree = "<group>";
		};
		423703751C0CAA8800B46462 /* Supporting Files */ = {
			isa = PBXGroup;
			children = (
				423703761C0CAA8800B46462 /* SampleWeatherAppTests-Info.plist */,
				423703771C0CAA8800B46462 /* InfoPlist.strings */,
			);
			name = "Supporting Files";
			sourceTree = "<group>";
		};
		42C50E001C0CB5A1003273FD /* Images */ = {
			isa = PBXGroup;
			children = (
				42C50E021C0CB5A1003273FD /* bg@2x.png */,
				42C50E011C0CB5A1003273FD /* bg.png */,
				42C50E031C0CB5A1003273FD /* Weather Icons */,
			);
			name = Images;
			path = ../Images;
			sourceTree = "<group>";
		};
		42C50E031C0CB5A1003273FD /* Weather Icons */ = {
			isa = PBXGroup;
			children = (
				42C50E041C0CB5A1003273FD /* weather-broken.png */,
				42C50E051C0CB5A1003273FD /* weather-broken@2x.png */,
				42C50E061C0CB5A1003273FD /* weather-clear.png */,
				42C50E071C0CB5A1003273FD /* weather-clear@2x.png */,
				42C50E081C0CB5A1003273FD /* weather-few-night.png */,
				42C50E091C0CB5A1003273FD /* weather-few-night@2x.png */,
				42C50E0A1C0CB5A1003273FD /* weather-few.png */,
				42C50E0B1C0CB5A1003273FD /* weather-few@2x.png */,
				42C50E0C1C0CB5A1003273FD /* weather-mist.png */,
				42C50E0D1C0CB5A1003273FD /* weather-mist@2x.png */,
				42C50E0E1C0CB5A1003273FD /* weather-moon.png */,
				42C50E0F1C0CB5A1003273FD /* weather-moon@2x.png */,
				42C50E101C0CB5A1003273FD /* weather-rain-night.png */,
				42C50E111C0CB5A1003273FD /* weather-rain-night@2x.png */,
				42C50E121C0CB5A1003273FD /* weather-rain.png */,
				42C50E131C0CB5A1003273FD /* weather-rain@2x.png */,
				42C50E141C0CB5A1003273FD /* weather-scattered.png */,
				42C50E151C0CB5A1003273FD /* weather-scattered@2x.png */,
				42C50E161C0CB5A1003273FD /* weather-shower.png */,
				42C50E171C0CB5A1003273FD /* weather-shower@2x.png */,
				42C50E181C0CB5A1003273FD /* weather-snow.png */,
				42C50E191C0CB5A1003273FD /* weather-snow@2x.png */,
				42C50E1A1C0CB5A1003273FD /* weather-tstorm.png */,
				42C50E1B1C0CB5A1003273FD /* weather-tstorm@2x.png */,
			);
			path = "Weather Icons";
			sourceTree = "<group>";
		};
/* End PBXGroup section */

/* Begin PBXNativeTarget section */
		423703481C0CAA8800B46462 /* SampleWeatherApp */ = {
			isa = PBXNativeTarget;
			buildConfigurationList = 4237037E1C0CAA8800B46462 /* Build configuration list for PBXNativeTarget "SampleWeatherApp" */;
			buildPhases = (
				4F855D0E287CDD861728E187 /* Check Pods Manifest.lock */,
				423703451C0CAA8800B46462 /* Sources */,
				423703461C0CAA8800B46462 /* Frameworks */,
				423703471C0CAA8800B46462 /* Resources */,
				FE992C3EFA2E48EE491CB62E /* Embed Pods Frameworks */,
				9ACB365059A0DBAD61E1CBA4 /* Copy Pods Resources */,
			);
			buildRules = (
			);
			dependencies = (
			);
			name = SampleWeatherApp;
			productName = SampleWeatherApp;
			productReference = 423703491C0CAA8800B46462 /* SampleWeatherApp.app */;
			productType = "com.apple.product-type.application";
		};
		4237036C1C0CAA8800B46462 /* SampleWeatherAppTests */ = {
			isa = PBXNativeTarget;
			buildConfigurationList = 423703811C0CAA8800B46462 /* Build configuration list for PBXNativeTarget "SampleWeatherAppTests" */;
			buildPhases = (
				423703691C0CAA8800B46462 /* Sources */,
				4237036A1C0CAA8800B46462 /* Frameworks */,
				4237036B1C0CAA8800B46462 /* Resources */,
			);
			buildRules = (
			);
			dependencies = (
				423703731C0CAA8800B46462 /* PBXTargetDependency */,
			);
			name = SampleWeatherAppTests;
			productName = SampleWeatherAppTests;
			productReference = 4237036D1C0CAA8800B46462 /* SampleWeatherAppTests.xctest */;
			productType = "com.apple.product-type.bundle.unit-test";
		};
/* End PBXNativeTarget section */

/* Begin PBXProject section */
		423703411C0CAA8700B46462 /* Project object */ = {
			isa = PBXProject;
			attributes = {
				LastUpgradeCheck = 0500;
				ORGANIZATIONNAME = VARUN;
				TargetAttributes = {
					4237036C1C0CAA8800B46462 = {
						TestTargetID = 423703481C0CAA8800B46462;
					};
				};
			};
			buildConfigurationList = 423703441C0CAA8700B46462 /* Build configuration list for PBXProject "SampleWeatherApp" */;
			compatibilityVersion = "Xcode 3.2";
			developmentRegion = English;
			hasScannedForEncodings = 0;
			knownRegions = (
				en,
				Base,
			);
			mainGroup = 423703401C0CAA8700B46462;
			productRefGroup = 4237034A1C0CAA8800B46462 /* Products */;
			projectDirPath = "";
			projectRoot = "";
			targets = (
				423703481C0CAA8800B46462 /* SampleWeatherApp */,
				4237036C1C0CAA8800B46462 /* SampleWeatherAppTests */,
			);
		};
/* End PBXProject section */

/* Begin PBXResourcesBuildPhase section */
		423703471C0CAA8800B46462 /* Resources */ = {
			isa = PBXResourcesBuildPhase;
			buildActionMask = 2147483647;
			files = (
				42C50E331C0CB5A1003273FD /* weather-snow@2x.png in Resources */,
				42C50E2B1C0CB5A1003273FD /* weather-rain-night@2x.png in Resources */,
				42C50E2F1C0CB5A1003273FD /* weather-scattered@2x.png in Resources */,
				42C50E1F1C0CB5A1003273FD /* weather-broken@2x.png in Resources */,
				42C50E1E1C0CB5A1003273FD /* weather-broken.png in Resources */,
				42C50E221C0CB5A1003273FD /* weather-few-night.png in Resources */,
				42C50E1C1C0CB5A1003273FD /* bg.png in Resources */,
				42C50E341C0CB5A1003273FD /* weather-tstorm.png in Resources */,
				42C50E2C1C0CB5A1003273FD /* weather-rain.png in Resources */,
				42C50E2E1C0CB5A1003273FD /* weather-scattered.png in Resources */,
				42C50E241C0CB5A1003273FD /* weather-few.png in Resources */,
				423703631C0CAA8800B46462 /* Main_iPad.storyboard in Resources */,
				42C50E351C0CB5A1003273FD /* weather-tstorm@2x.png in Resources */,
				42C50E291C0CB5A1003273FD /* weather-moon@2x.png in Resources */,
				42C50E201C0CB5A1003273FD /* weather-clear.png in Resources */,
				42C50E261C0CB5A1003273FD /* weather-mist.png in Resources */,
				42C50E301C0CB5A1003273FD /* weather-shower.png in Resources */,
				42C50E2D1C0CB5A1003273FD /* weather-rain@2x.png in Resources */,
				42C50E321C0CB5A1003273FD /* weather-snow.png in Resources */,
				423703681C0CAA8800B46462 /* Images.xcassets in Resources */,
				42C50E251C0CB5A1003273FD /* weather-few@2x.png in Resources */,
				42C50E271C0CB5A1003273FD /* weather-mist@2x.png in Resources */,
				42C50E1D1C0CB5A1003273FD /* bg@2x.png in Resources */,
				423703601C0CAA8800B46462 /* Main_iPhone.storyboard in Resources */,
				423703571C0CAA8800B46462 /* InfoPlist.strings in Resources */,
				42C50E211C0CB5A1003273FD /* weather-clear@2x.png in Resources */,
				42C50E281C0CB5A1003273FD /* weather-moon.png in Resources */,
				42C50E311C0CB5A1003273FD /* weather-shower@2x.png in Resources */,
				42C50E2A1C0CB5A1003273FD /* weather-rain-night.png in Resources */,
				42C50E231C0CB5A1003273FD /* weather-few-night@2x.png in Resources */,
			);
			runOnlyForDeploymentPostprocessing = 0;
		};
		4237036B1C0CAA8800B46462 /* Resources */ = {
			isa = PBXResourcesBuildPhase;
			buildActionMask = 2147483647;
			files = (
				423703791C0CAA8800B46462 /* InfoPlist.strings in Resources */,
			);
			runOnlyForDeploymentPostprocessing = 0;
		};
/* End PBXResourcesBuildPhase section */

/* Begin PBXShellScriptBuildPhase section */
		4F855D0E287CDD861728E187 /* Check Pods Manifest.lock */ = {
			isa = PBXShellScriptBuildPhase;
			buildActionMask = 2147483647;
			files = (
			);
			inputPaths = (
			);
			name = "Check Pods Manifest.lock";
			outputPaths = (
			);
			runOnlyForDeploymentPostprocessing = 0;
			shellPath = /bin/sh;
			shellScript = "diff \"${PODS_ROOT}/../Podfile.lock\" \"${PODS_ROOT}/Manifest.lock\" > /dev/null\nif [[ $? != 0 ]] ; then\n    cat << EOM\nerror: The sandbox is not in sync with the Podfile.lock. Run 'pod install' or update your CocoaPods installation.\nEOM\n    exit 1\nfi\n";
			showEnvVarsInLog = 0;
		};
		9ACB365059A0DBAD61E1CBA4 /* Copy Pods Resources */ = {
			isa = PBXShellScriptBuildPhase;
			buildActionMask = 2147483647;
			files = (
			);
			inputPaths = (
			);
			name = "Copy Pods Resources";
			outputPaths = (
			);
			runOnlyForDeploymentPostprocessing = 0;
			shellPath = /bin/sh;
			shellScript = "\"${SRCROOT}/Pods/Target Support Files/Pods/Pods-resources.sh\"\n";
			showEnvVarsInLog = 0;
		};
		FE992C3EFA2E48EE491CB62E /* Embed Pods Frameworks */ = {
			isa = PBXShellScriptBuildPhase;
			buildActionMask = 2147483647;
			files = (
			);
			inputPaths = (
			);
			name = "Embed Pods Frameworks";
			outputPaths = (
			);
			runOnlyForDeploymentPostprocessing = 0;
			shellPath = /bin/sh;
			shellScript = "\"${SRCROOT}/Pods/Target Support Files/Pods/Pods-frameworks.sh\"\n";
			showEnvVarsInLog = 0;
		};
/* End PBXShellScriptBuildPhase section */

/* Begin PBXSourcesBuildPhase section */
		423703451C0CAA8800B46462 /* Sources */ = {
			isa = PBXSourcesBuildPhase;
			buildActionMask = 2147483647;
			files = (
				42C50E381C0CBC8D003273FD /* WXManager.m in Sources */,
				42C50E3E1C0CBD09003273FD /* WXDailyForecast.m in Sources */,
				423703661C0CAA8800B46462 /* ViewController.m in Sources */,
				424934DD1C0CA19C003C08D8 /* WXClient.m in Sources */,
				42C50DFF1C0CAF2B003273FD /* WXControllerViewController.m in Sources */,
				4237035D1C0CAA8800B46462 /* AppDelegate.m in Sources */,
				42C50E3B1C0CBCC3003273FD /* WXCondition.m in Sources */,
				423703591C0CAA8800B46462 /* main.m in Sources */,
			);
			runOnlyForDeploymentPostprocessing = 0;
		};
		423703691C0CAA8800B46462 /* Sources */ = {
			isa = PBXSourcesBuildPhase;
			buildActionMask = 2147483647;
			files = (
				4237037B1C0CAA8800B46462 /* SampleWeatherAppTests.m in Sources */,
			);
			runOnlyForDeploymentPostprocessing = 0;
		};
/* End PBXSourcesBuildPhase section */

/* Begin PBXTargetDependency section */
		423703731C0CAA8800B46462 /* PBXTargetDependency */ = {
			isa = PBXTargetDependency;
			target = 423703481C0CAA8800B46462 /* SampleWeatherApp */;
			targetProxy = 423703721C0CAA8800B46462 /* PBXContainerItemProxy */;
		};
/* End PBXTargetDependency section */

/* Begin PBXVariantGroup section */
		423703551C0CAA8800B46462 /* InfoPlist.strings */ = {
			isa = PBXVariantGroup;
			children = (
				423703561C0CAA8800B46462 /* en */,
			);
			name = InfoPlist.strings;
			sourceTree = "<group>";
		};
		4237035E1C0CAA8800B46462 /* Main_iPhone.storyboard */ = {
			isa = PBXVariantGroup;
			children = (
				4237035F1C0CAA8800B46462 /* Base */,
			);
			name = Main_iPhone.storyboard;
			sourceTree = "<group>";
		};
		423703611C0CAA8800B46462 /* Main_iPad.storyboard */ = {
			isa = PBXVariantGroup;
			children = (
				423703621C0CAA8800B46462 /* Base */,
			);
			name = Main_iPad.storyboard;
			sourceTree = "<group>";
		};
		423703771C0CAA8800B46462 /* InfoPlist.strings */ = {
			isa = PBXVariantGroup;
			children = (
				423703781C0CAA8800B46462 /* en */,
			);
			name = InfoPlist.strings;
			sourceTree = "<group>";
		};
/* End PBXVariantGroup section */

/* Begin XCBuildConfiguration section */
		4237037C1C0CAA8800B46462 /* Debug */ = {
			isa = XCBuildConfiguration;
			buildSettings = {
				ALWAYS_SEARCH_USER_PATHS = NO;
				ARCHS = "$(ARCHS_STANDARD_INCLUDING_64_BIT)";
				CLANG_CXX_LANGUAGE_STANDARD = "gnu++0x";
				CLANG_CXX_LIBRARY = "libc++";
				CLANG_ENABLE_MODULES = YES;
				CLANG_ENABLE_OBJC_ARC = YES;
				CLANG_WARN_BOOL_CONVERSION = YES;
				CLANG_WARN_CONSTANT_CONVERSION = YES;
				CLANG_WARN_DIRECT_OBJC_ISA_USAGE = YES_ERROR;
				CLANG_WARN_EMPTY_BODY = YES;
				CLANG_WARN_ENUM_CONVERSION = YES;
				CLANG_WARN_INT_CONVERSION = YES;
				CLANG_WARN_OBJC_ROOT_CLASS = YES_ERROR;
				CLANG_WARN__DUPLICATE_METHOD_MATCH = YES;
				"CODE_SIGN_IDENTITY[sdk=iphoneos*]" = "iPhone Developer";
				COPY_PHASE_STRIP = NO;
				GCC_C_LANGUAGE_STANDARD = gnu99;
				GCC_DYNAMIC_NO_PIC = NO;
				GCC_OPTIMIZATION_LEVEL = 0;
				GCC_PREPROCESSOR_DEFINITIONS = (
					"DEBUG=1",
					"$(inherited)",
				);
				GCC_SYMBOLS_PRIVATE_EXTERN = NO;
				GCC_WARN_64_TO_32_BIT_CONVERSION = YES;
				GCC_WARN_ABOUT_RETURN_TYPE = YES_ERROR;
				GCC_WARN_UNDECLARED_SELECTOR = YES;
				GCC_WARN_UNINITIALIZED_AUTOS = YES;
				GCC_WARN_UNUSED_FUNCTION = YES;
				GCC_WARN_UNUSED_VARIABLE = YES;
				IPHONEOS_DEPLOYMENT_TARGET = 7.0;
				ONLY_ACTIVE_ARCH = YES;
				SDKROOT = iphoneos;
				TARGETED_DEVICE_FAMILY = "1,2";
			};
			name = Debug;
		};
		4237037D1C0CAA8800B46462 /* Release */ = {
			isa = XCBuildConfiguration;
			buildSettings = {
				ALWAYS_SEARCH_USER_PATHS = NO;
				ARCHS = "$(ARCHS_STANDARD_INCLUDING_64_BIT)";
				CLANG_CXX_LANGUAGE_STANDARD = "gnu++0x";
				CLANG_CXX_LIBRARY = "libc++";
				CLANG_ENABLE_MODULES = YES;
				CLANG_ENABLE_OBJC_ARC = YES;
				CLANG_WARN_BOOL_CONVERSION = YES;
				CLANG_WARN_CONSTANT_CONVERSION = YES;
				CLANG_WARN_DIRECT_OBJC_ISA_USAGE = YES_ERROR;
				CLANG_WARN_EMPTY_BODY = YES;
				CLANG_WARN_ENUM_CONVERSION = YES;
				CLANG_WARN_INT_CONVERSION = YES;
				CLANG_WARN_OBJC_ROOT_CLASS = YES_ERROR;
				CLANG_WARN__DUPLICATE_METHOD_MATCH = YES;
				"CODE_SIGN_IDENTITY[sdk=iphoneos*]" = "iPhone Developer";
				COPY_PHASE_STRIP = YES;
				ENABLE_NS_ASSERTIONS = NO;
				GCC_C_LANGUAGE_STANDARD = gnu99;
				GCC_WARN_64_TO_32_BIT_CONVERSION = YES;
				GCC_WARN_ABOUT_RETURN_TYPE = YES_ERROR;
				GCC_WARN_UNDECLARED_SELECTOR = YES;
				GCC_WARN_UNINITIALIZED_AUTOS = YES;
				GCC_WARN_UNUSED_FUNCTION = YES;
				GCC_WARN_UNUSED_VARIABLE = YES;
				IPHONEOS_DEPLOYMENT_TARGET = 7.0;
				SDKROOT = iphoneos;
				TARGETED_DEVICE_FAMILY = "1,2";
				VALIDATE_PRODUCT = YES;
			};
			name = Release;
		};
		4237037F1C0CAA8800B46462 /* Debug */ = {
			isa = XCBuildConfiguration;
			baseConfigurationReference = CCA088CDB121B885020495C9 /* Pods.debug.xcconfig */;
			buildSettings = {
				ASSETCATALOG_COMPILER_APPICON_NAME = AppIcon;
				ASSETCATALOG_COMPILER_LAUNCHIMAGE_NAME = LaunchImage;
				GCC_PRECOMPILE_PREFIX_HEADER = YES;
				GCC_PREFIX_HEADER = "SampleWeatherApp/SampleWeatherApp-Prefix.pch";
				INFOPLIST_FILE = "SampleWeatherApp/SampleWeatherApp-Info.plist";
				IPHONEOS_DEPLOYMENT_TARGET = 7.0;
				ONLY_ACTIVE_ARCH = YES;
				PRODUCT_NAME = "$(TARGET_NAME)";
				TARGETED_DEVICE_FAMILY = "1,2";
				WRAPPER_EXTENSION = app;
			};
			name = Debug;
		};
		423703801C0CAA8800B46462 /* Release */ = {
			isa = XCBuildConfiguration;
			baseConfigurationReference = 29DC3F667F7B8560C4C0E125 /* Pods.release.xcconfig */;
			buildSettings = {
				ASSETCATALOG_COMPILER_APPICON_NAME = AppIcon;
				ASSETCATALOG_COMPILER_LAUNCHIMAGE_NAME = LaunchImage;
				GCC_PRECOMPILE_PREFIX_HEADER = YES;
				GCC_PREFIX_HEADER = "SampleWeatherApp/SampleWeatherApp-Prefix.pch";
				INFOPLIST_FILE = "SampleWeatherApp/SampleWeatherApp-Info.plist";
				IPHONEOS_DEPLOYMENT_TARGET = 7.0;
				ONLY_ACTIVE_ARCH = YES;
				PRODUCT_NAME = "$(TARGET_NAME)";
				TARGETED_DEVICE_FAMILY = "1,2";
				WRAPPER_EXTENSION = app;
			};
			name = Release;
		};
		423703821C0CAA8800B46462 /* Debug */ = {
			isa = XCBuildConfiguration;
			buildSettings = {
				ARCHS = "$(ARCHS_STANDARD_INCLUDING_64_BIT)";
				BUNDLE_LOADER = "$(BUILT_PRODUCTS_DIR)/SampleWeatherApp.app/SampleWeatherApp";
				FRAMEWORK_SEARCH_PATHS = (
					"$(SDKROOT)/Developer/Library/Frameworks",
					"$(inherited)",
					"$(DEVELOPER_FRAMEWORKS_DIR)",
				);
				GCC_PRECOMPILE_PREFIX_HEADER = YES;
				GCC_PREFIX_HEADER = "SampleWeatherApp/SampleWeatherApp-Prefix.pch";
				GCC_PREPROCESSOR_DEFINITIONS = (
					"DEBUG=1",
					"$(inherited)",
				);
				INFOPLIST_FILE = "SampleWeatherAppTests/SampleWeatherAppTests-Info.plist";
				PRODUCT_NAME = "$(TARGET_NAME)";
				TEST_HOST = "$(BUNDLE_LOADER)";
				WRAPPER_EXTENSION = xctest;
			};
			name = Debug;
		};
		423703831C0CAA8800B46462 /* Release */ = {
			isa = XCBuildConfiguration;
			buildSettings = {
				ARCHS = "$(ARCHS_STANDARD_INCLUDING_64_BIT)";
				BUNDLE_LOADER = "$(BUILT_PRODUCTS_DIR)/SampleWeatherApp.app/SampleWeatherApp";
				FRAMEWORK_SEARCH_PATHS = (
					"$(SDKROOT)/Developer/Library/Frameworks",
					"$(inherited)",
					"$(DEVELOPER_FRAMEWORKS_DIR)",
				);
				GCC_PRECOMPILE_PREFIX_HEADER = YES;
				GCC_PREFIX_HEADER = "SampleWeatherApp/SampleWeatherApp-Prefix.pch";
				INFOPLIST_FILE = "SampleWeatherAppTests/SampleWeatherAppTests-Info.plist";
				PRODUCT_NAME = "$(TARGET_NAME)";
				TEST_HOST = "$(BUNDLE_LOADER)";
				WRAPPER_EXTENSION = xctest;
			};
			name = Release;
		};
/* End XCBuildConfiguration section */

/* Begin XCConfigurationList section */
		423703441C0CAA8700B46462 /* Build configuration list for PBXProject "SampleWeatherApp" */ = {
			isa = XCConfigurationList;
			buildConfigurations = (
				4237037C1C0CAA8800B46462 /* Debug */,
				4237037D1C0CAA8800B46462 /* Release */,
			);
			defaultConfigurationIsVisible = 0;
			defaultConfigurationName = Release;
		};
		4237037E1C0CAA8800B46462 /* Build configuration list for PBXNativeTarget "SampleWeatherApp" */ = {
			isa = XCConfigurationList;
			buildConfigurations = (
				4237037F1C0CAA8800B46462 /* Debug */,
				423703801C0CAA8800B46462 /* Release */,
			);
			defaultConfigurationIsVisible = 0;
			defaultConfigurationName = Release;
		};
		423703811C0CAA8800B46462 /* Build configuration list for PBXNativeTarget "SampleWeatherAppTests" */ = {
			isa = XCConfigurationList;
			buildConfigurations = (
				423703821C0CAA8800B46462 /* Debug */,
				423703831C0CAA8800B46462 /* Release */,
			);
			defaultConfigurationIsVisible = 0;
			defaultConfigurationName = Release;
		};
/* End XCConfigurationList section */
	};
	rootObject = 423703411C0CAA8700B46462 /* Project object */;
}
